{
  "pins" : [
    {
      "identity" : "kingfisher",
      "kind" : "remoteSourceControl",
      "location" : "https://github.com/onevcat/Kingfisher.git",
      "state" : {
        "revision" : "44e891bdb61426a95e31492a67c7c0dfad1f87c5",
        "version" : "7.4.1"
      }
    },
    {
      "identity" : "pocketsvg",
      "kind" : "remoteSourceControl",
      "location" : "https://github.com/pocketsvg/PocketSVG.git",
      "state" : {
        "revision" : "d30bf6678ae93763782a4e19973dc64762d42c4a",
        "version" : "2.7.2"
      }
    }
  ],
  "version" : 2
}
